PODS:
  - StarIO (2.10.2)
  - StarIO_Extension (1.17.0):
    - StarIO

DEPENDENCIES:
  - StarIO (= 2.10.2)
  - StarIO_Extension (= 1.17.0)

SPEC REPOS:
  "git@192.168.32.36:software_package_manager/cocoapods_specs_private.git":
    - StarIO
    - StarIO_Extension

SPEC CHECKSUMS:
  StarIO: 4250fa9b6c2ac9af3a88111a2bd2584bf10ca454
  StarIO_Extension: 8336528727204ee24e8d6907fd41d355a701f0f7

PODFILE CHECKSUM: 6dad472b70ce4c8480a9aabd2cf6769f867ae351

COCOAPODS: 1.12.1
