// !$*UTF8*$!
{
	archiveVersion = 1;
	classes = {
	};
	objectVersion = 46;
	objects = {

/* Begin PBXBuildFile section */
		62583BF21D338CA1005EFC6C /* GermanReceiptsImpl.swift in Sources */ = {isa = PBXBuildFile; fileRef = 62583BF11D338CA1005EFC6C /* GermanReceiptsImpl.swift */; };
		6262A6291E6A6A7200208BAB /* PageModeViewController.swift in Sources */ = {isa = PBXBuildFile; fileRef = 6262A6281E6A6A7200208BAB /* PageModeViewController.swift */; };
		6267F7581BDF54D300D02B89 /* AppDelegate.swift in Sources */ = {isa = PBXBuildFile; fileRef = 6267F7571BDF54D300D02B89 /* AppDelegate.swift */; };
		6267F75D1BDF54D300D02B89 /* Main.storyboard in Resources */ = {isa = PBXBuildFile; fileRef = 6267F75B1BDF54D300D02B89 /* Main.storyboard */; };
		6267F75F1BDF54D300D02B89 /* Assets.xcassets in Resources */ = {isa = PBXBuildFile; fileRef = 6267F75E1BDF54D300D02B89 /* Assets.xcassets */; };
		6267F7621BDF54D300D02B89 /* LaunchScreen.storyboard in Resources */ = {isa = PBXBuildFile; fileRef = 6267F7601BDF54D300D02B89 /* LaunchScreen.storyboard */; };
		6267F7DE1BDF588F00D02B89 /* BarcodeReaderExtViewController.swift in Sources */ = {isa = PBXBuildFile; fileRef = 6267F7D11BDF588F00D02B89 /* BarcodeReaderExtViewController.swift */; };
		6267F7DF1BDF588F00D02B89 /* CashDrawerExtViewController.swift in Sources */ = {isa = PBXBuildFile; fileRef = 6267F7D21BDF588F00D02B89 /* CashDrawerExtViewController.swift */; };
		6267F7E01BDF588F00D02B89 /* CashDrawerViewController.swift in Sources */ = {isa = PBXBuildFile; fileRef = 6267F7D31BDF588F00D02B89 /* CashDrawerViewController.swift */; };
		6267F7E11BDF588F00D02B89 /* CombinationExtViewController.swift in Sources */ = {isa = PBXBuildFile; fileRef = 6267F7D41BDF588F00D02B89 /* CombinationExtViewController.swift */; };
		6267F7E21BDF588F00D02B89 /* CombinationViewController.swift in Sources */ = {isa = PBXBuildFile; fileRef = 6267F7D51BDF588F00D02B89 /* CombinationViewController.swift */; };
		6267F7E31BDF588F00D02B89 /* CommonViewController.swift in Sources */ = {isa = PBXBuildFile; fileRef = 6267F7D61BDF588F00D02B89 /* CommonViewController.swift */; };
		6267F7E41BDF588F00D02B89 /* Communication.swift in Sources */ = {isa = PBXBuildFile; fileRef = 6267F7D71BDF588F00D02B89 /* Communication.swift */; };
		6267F7E51BDF588F00D02B89 /* MainViewController.swift in Sources */ = {isa = PBXBuildFile; fileRef = 6267F7D81BDF588F00D02B89 /* MainViewController.swift */; };
		6267F7E61BDF588F00D02B89 /* PrinterExtViewController.swift in Sources */ = {isa = PBXBuildFile; fileRef = 6267F7D91BDF588F00D02B89 /* PrinterExtViewController.swift */; };
		6267F7E71BDF588F00D02B89 /* PrinterFunctions.swift in Sources */ = {isa = PBXBuildFile; fileRef = 6267F7DA1BDF588F00D02B89 /* PrinterFunctions.swift */; };
		6267F7E81BDF588F00D02B89 /* PrinterViewController.swift in Sources */ = {isa = PBXBuildFile; fileRef = 6267F7DB1BDF588F00D02B89 /* PrinterViewController.swift */; };
		6267F7E91BDF588F00D02B89 /* SearchPortViewController.swift in Sources */ = {isa = PBXBuildFile; fileRef = 6267F7DC1BDF588F00D02B89 /* SearchPortViewController.swift */; };
		6267F7EA1BDF588F00D02B89 /* SMDefine.swift in Sources */ = {isa = PBXBuildFile; fileRef = 6267F7DD1BDF588F00D02B89 /* SMDefine.swift */; };
		626C12F71C8E3CE700815FAB /* ApiFunctions.swift in Sources */ = {isa = PBXBuildFile; fileRef = 626C12F61C8E3CE600815FAB /* ApiFunctions.swift */; };
		626EAF8F1E68E4E000F268D0 /* BlackMarkViewController.swift in Sources */ = {isa = PBXBuildFile; fileRef = 626EAF8E1E68E4E000F268D0 /* BlackMarkViewController.swift */; };
		626EAF991E69036200F268D0 /* BlackMarkPasteViewController.swift in Sources */ = {isa = PBXBuildFile; fileRef = 626EAF981E69036200F268D0 /* BlackMarkPasteViewController.swift */; };
		6271F5EE1C96269F00BBC1A3 /* CashDrawerFunctions.swift in Sources */ = {isa = PBXBuildFile; fileRef = 6271F5ED1C96269F00BBC1A3 /* CashDrawerFunctions.swift */; };
		6271F5F91C96276F00BBC1A3 /* CombinationFunctions.swift in Sources */ = {isa = PBXBuildFile; fileRef = 6271F5F81C96276F00BBC1A3 /* CombinationFunctions.swift */; };
		6299169F1C9D1B01000A8CF0 /* SwitchTableViewCell.swift in Sources */ = {isa = PBXBuildFile; fileRef = 6299169E1C9D1B01000A8CF0 /* SwitchTableViewCell.swift */; };
		62BB41851C1CF0AE0098C24F /* ModelCapability.swift in Sources */ = {isa = PBXBuildFile; fileRef = 62BB41841C1CF0AE0098C24F /* ModelCapability.swift */; };
		62C9451B1C95185500714A1E /* EnglishReceiptsImpl.swift in Sources */ = {isa = PBXBuildFile; fileRef = 62C9451A1C95185500714A1E /* EnglishReceiptsImpl.swift */; };
		62C9451D1C95186F00714A1E /* FrenchReceiptsImpl.swift in Sources */ = {isa = PBXBuildFile; fileRef = 62C9451C1C95186F00714A1E /* FrenchReceiptsImpl.swift */; };
		62C9451F1C95188400714A1E /* ILocalizeReceipts.swift in Sources */ = {isa = PBXBuildFile; fileRef = 62C9451E1C95188400714A1E /* ILocalizeReceipts.swift */; };
		62C945211C95189400714A1E /* JapaneseReceiptsImpl.swift in Sources */ = {isa = PBXBuildFile; fileRef = 62C945201C95189400714A1E /* JapaneseReceiptsImpl.swift */; };
		62C945231C9518A200714A1E /* PortugueseReceiptsImpl.swift in Sources */ = {isa = PBXBuildFile; fileRef = 62C945221C9518A200714A1E /* PortugueseReceiptsImpl.swift */; };
		62C945251C9518B100714A1E /* RussianReceiptsImpl.swift in Sources */ = {isa = PBXBuildFile; fileRef = 62C945241C9518B100714A1E /* RussianReceiptsImpl.swift */; };
		62C945271C9518BF00714A1E /* SimplifiedChineseReceiptsImpl.swift in Sources */ = {isa = PBXBuildFile; fileRef = 62C945261C9518BF00714A1E /* SimplifiedChineseReceiptsImpl.swift */; };
		62C945291C9518CE00714A1E /* SpanishReceiptsImpl.swift in Sources */ = {isa = PBXBuildFile; fileRef = 62C945281C9518CE00714A1E /* SpanishReceiptsImpl.swift */; };
		62C9452B1C9518E000714A1E /* TraditionalChineseReceiptsImpl.swift in Sources */ = {isa = PBXBuildFile; fileRef = 62C9452A1C9518E000714A1E /* TraditionalChineseReceiptsImpl.swift */; };
		62E5581A1C8B9F17005EDB8F /* ApiViewController.swift in Sources */ = {isa = PBXBuildFile; fileRef = 62E558191C8B9F17005EDB8F /* ApiViewController.swift */; };
		62F34AE31D35EFE60074F37E /* DeviceStatusViewController.swift in Sources */ = {isa = PBXBuildFile; fileRef = 62F34AE21D35EFE60074F37E /* DeviceStatusViewController.swift */; };
		6D3E5A5C22E9452800D12976 /* CommunicationResult.swift in Sources */ = {isa = PBXBuildFile; fileRef = 6D3E5A5B22E9452800D12976 /* CommunicationResult.swift */; };
		88011A5B21645C78003E4D22 /* PrinterExtWithConnectAsyncViewController.swift in Sources */ = {isa = PBXBuildFile; fileRef = 88011A5A21645C78003E4D22 /* PrinterExtWithConnectAsyncViewController.swift */; };
		88494A9721425F7B009E0226 /* MelodySpeakerFunctions.swift in Sources */ = {isa = PBXBuildFile; fileRef = 88494A9621425F7B009E0226 /* MelodySpeakerFunctions.swift */; };
		886BA03B1EDE9904006CF3FF /* GlobalQueueManager.swift in Sources */ = {isa = PBXBuildFile; fileRef = 886BA03A1EDE9904006CF3FF /* GlobalQueueManager.swift */; };
		88A70BFF20C4BC7E00BAC786 /* SettingManager.swift in Sources */ = {isa = PBXBuildFile; fileRef = 88A70BFE20C4BC7E00BAC786 /* SettingManager.swift */; };
		88A8FBC7212E705D00C48F88 /* MelodySpeakerViewController.swift in Sources */ = {isa = PBXBuildFile; fileRef = 88A8FBC6212E705D00C48F88 /* MelodySpeakerViewController.swift */; };
		88A8FBCB212E97E600C48F88 /* SoundFileViewController.swift in Sources */ = {isa = PBXBuildFile; fileRef = 88A8FBCA212E97E600C48F88 /* SoundFileViewController.swift */; };
		88C758C420C0EFBD003C6FF8 /* PrintReDirectionViewController.swift in Sources */ = {isa = PBXBuildFile; fileRef = 88C758C320C0EFBD003C6FF8 /* PrintReDirectionViewController.swift */; };
		AEF661271F27ACB9436F6C80 /* Pods_Swift_SDK.framework in Frameworks */ = {isa = PBXBuildFile; fileRef = 9DE0ED4B4A533F48038F34C8 /* Pods_Swift_SDK.framework */; };
		BAE0A9F21E09411B004B490F /* DisplayViewController.swift in Sources */ = {isa = PBXBuildFile; fileRef = BAE0A9F11E09411B004B490F /* DisplayViewController.swift */; };
		BAE0A9F41E09412E004B490F /* DisplayExtViewController.swift in Sources */ = {isa = PBXBuildFile; fileRef = BAE0A9F31E09412E004B490F /* DisplayExtViewController.swift */; };
		BAE0A9FE1E094275004B490F /* DisplayFunctions.swift in Sources */ = {isa = PBXBuildFile; fileRef = BAE0A9FD1E094275004B490F /* DisplayFunctions.swift */; };
		DD20E0B71EAD94EC00859F8B /* BluetoothSettingViewController.swift in Sources */ = {isa = PBXBuildFile; fileRef = DD20E0B61EAD94EC00859F8B /* BluetoothSettingViewController.swift */; };
		DD20E0BB1EC3FF8C00859F8B /* TextFieldTableViewCell.swift in Sources */ = {isa = PBXBuildFile; fileRef = DD20E0BA1EC3FF8C00859F8B /* TextFieldTableViewCell.swift */; };
		DD62993B1FFEFBD50088B20E /* Utf8MultiLanguageReceiptsImpl.swift in Sources */ = {isa = PBXBuildFile; fileRef = DD62993A1FFEFBD40088B20E /* Utf8MultiLanguageReceiptsImpl.swift */; };
		E35D90992407CD21004778DD /* AutoSwitchInterfaceExtViewController.swift in Sources */ = {isa = PBXBuildFile; fileRef = E35D90972407CD21004778DD /* AutoSwitchInterfaceExtViewController.swift */; };
		E35D909A2407CD21004778DD /* AutoSwitchInterfaceViewController.swift in Sources */ = {isa = PBXBuildFile; fileRef = E35D90982407CD21004778DD /* AutoSwitchInterfaceViewController.swift */; };
		E3CBF9E6236174270091334C /* HoldPrintViewController.swift in Sources */ = {isa = PBXBuildFile; fileRef = E3CBF9E5236174270091334C /* HoldPrintViewController.swift */; };
/* End PBXBuildFile section */

/* Begin PBXFileReference section */
		62583BF11D338CA1005EFC6C /* GermanReceiptsImpl.swift */ = {isa = PBXFileReference; fileEncoding = 4; lastKnownFileType = sourcecode.swift; path = GermanReceiptsImpl.swift; sourceTree = "<group>"; };
		6262A6281E6A6A7200208BAB /* PageModeViewController.swift */ = {isa = PBXFileReference; fileEncoding = 4; lastKnownFileType = sourcecode.swift; path = PageModeViewController.swift; sourceTree = "<group>"; };
		6267F7541BDF54D300D02B89 /* Swift SDK.app */ = {isa = PBXFileReference; explicitFileType = wrapper.application; includeInIndex = 0; path = "Swift SDK.app"; sourceTree = BUILT_PRODUCTS_DIR; };
		6267F7571BDF54D300D02B89 /* AppDelegate.swift */ = {isa = PBXFileReference; lastKnownFileType = sourcecode.swift; path = AppDelegate.swift; sourceTree = "<group>"; };
		6267F75C1BDF54D300D02B89 /* Base */ = {isa = PBXFileReference; lastKnownFileType = file.storyboard; name = Base; path = Base.lproj/Main.storyboard; sourceTree = "<group>"; };
		6267F75E1BDF54D300D02B89 /* Assets.xcassets */ = {isa = PBXFileReference; lastKnownFileType = folder.assetcatalog; path = Assets.xcassets; sourceTree = "<group>"; };
		6267F7611BDF54D300D02B89 /* Base */ = {isa = PBXFileReference; lastKnownFileType = file.storyboard; name = Base; path = Base.lproj/LaunchScreen.storyboard; sourceTree = "<group>"; };
		6267F7631BDF54D300D02B89 /* Info.plist */ = {isa = PBXFileReference; lastKnownFileType = text.plist.xml; path = Info.plist; sourceTree = "<group>"; };
		6267F7D01BDF56BD00D02B89 /* StarIO_Extension-Bridging-Header.h */ = {isa = PBXFileReference; lastKnownFileType = sourcecode.c.h; path = "StarIO_Extension-Bridging-Header.h"; sourceTree = "<group>"; };
		6267F7D11BDF588F00D02B89 /* BarcodeReaderExtViewController.swift */ = {isa = PBXFileReference; fileEncoding = 4; lastKnownFileType = sourcecode.swift; path = BarcodeReaderExtViewController.swift; sourceTree = "<group>"; };
		6267F7D21BDF588F00D02B89 /* CashDrawerExtViewController.swift */ = {isa = PBXFileReference; fileEncoding = 4; lastKnownFileType = sourcecode.swift; path = CashDrawerExtViewController.swift; sourceTree = "<group>"; };
		6267F7D31BDF588F00D02B89 /* CashDrawerViewController.swift */ = {isa = PBXFileReference; fileEncoding = 4; lastKnownFileType = sourcecode.swift; path = CashDrawerViewController.swift; sourceTree = "<group>"; };
		6267F7D41BDF588F00D02B89 /* CombinationExtViewController.swift */ = {isa = PBXFileReference; fileEncoding = 4; lastKnownFileType = sourcecode.swift; path = CombinationExtViewController.swift; sourceTree = "<group>"; };
		6267F7D51BDF588F00D02B89 /* CombinationViewController.swift */ = {isa = PBXFileReference; fileEncoding = 4; lastKnownFileType = sourcecode.swift; path = CombinationViewController.swift; sourceTree = "<group>"; };
		6267F7D61BDF588F00D02B89 /* CommonViewController.swift */ = {isa = PBXFileReference; fileEncoding = 4; lastKnownFileType = sourcecode.swift; path = CommonViewController.swift; sourceTree = "<group>"; };
		6267F7D71BDF588F00D02B89 /* Communication.swift */ = {isa = PBXFileReference; fileEncoding = 4; lastKnownFileType = sourcecode.swift; path = Communication.swift; sourceTree = "<group>"; };
		6267F7D81BDF588F00D02B89 /* MainViewController.swift */ = {isa = PBXFileReference; fileEncoding = 4; lastKnownFileType = sourcecode.swift; path = MainViewController.swift; sourceTree = "<group>"; };
		6267F7D91BDF588F00D02B89 /* PrinterExtViewController.swift */ = {isa = PBXFileReference; fileEncoding = 4; lastKnownFileType = sourcecode.swift; path = PrinterExtViewController.swift; sourceTree = "<group>"; };
		6267F7DA1BDF588F00D02B89 /* PrinterFunctions.swift */ = {isa = PBXFileReference; fileEncoding = 4; lastKnownFileType = sourcecode.swift; path = PrinterFunctions.swift; sourceTree = "<group>"; };
		6267F7DB1BDF588F00D02B89 /* PrinterViewController.swift */ = {isa = PBXFileReference; fileEncoding = 4; lastKnownFileType = sourcecode.swift; path = PrinterViewController.swift; sourceTree = "<group>"; };
		6267F7DC1BDF588F00D02B89 /* SearchPortViewController.swift */ = {isa = PBXFileReference; fileEncoding = 4; lastKnownFileType = sourcecode.swift; path = SearchPortViewController.swift; sourceTree = "<group>"; };
		6267F7DD1BDF588F00D02B89 /* SMDefine.swift */ = {isa = PBXFileReference; fileEncoding = 4; lastKnownFileType = sourcecode.swift; path = SMDefine.swift; sourceTree = "<group>"; };
		626C12F61C8E3CE600815FAB /* ApiFunctions.swift */ = {isa = PBXFileReference; fileEncoding = 4; lastKnownFileType = sourcecode.swift; path = ApiFunctions.swift; sourceTree = "<group>"; };
		626EAF8E1E68E4E000F268D0 /* BlackMarkViewController.swift */ = {isa = PBXFileReference; fileEncoding = 4; lastKnownFileType = sourcecode.swift; path = BlackMarkViewController.swift; sourceTree = "<group>"; };
		626EAF981E69036200F268D0 /* BlackMarkPasteViewController.swift */ = {isa = PBXFileReference; fileEncoding = 4; lastKnownFileType = sourcecode.swift; path = BlackMarkPasteViewController.swift; sourceTree = "<group>"; };
		6271F5ED1C96269F00BBC1A3 /* CashDrawerFunctions.swift */ = {isa = PBXFileReference; fileEncoding = 4; lastKnownFileType = sourcecode.swift; path = CashDrawerFunctions.swift; sourceTree = "<group>"; };
		6271F5F81C96276F00BBC1A3 /* CombinationFunctions.swift */ = {isa = PBXFileReference; fileEncoding = 4; lastKnownFileType = sourcecode.swift; path = CombinationFunctions.swift; sourceTree = "<group>"; };
		627BD6261C7C1B59003594D4 /* ja */ = {isa = PBXFileReference; lastKnownFileType = text.plist.strings; name = ja; path = ja.lproj/LaunchScreen.strings; sourceTree = "<group>"; };
		627BD6271C7C1B59003594D4 /* ja */ = {isa = PBXFileReference; lastKnownFileType = text.plist.strings; name = ja; path = ja.lproj/Main.strings; sourceTree = "<group>"; };
		6299169E1C9D1B01000A8CF0 /* SwitchTableViewCell.swift */ = {isa = PBXFileReference; fileEncoding = 4; lastKnownFileType = sourcecode.swift; path = SwitchTableViewCell.swift; sourceTree = "<group>"; };
		62BB41841C1CF0AE0098C24F /* ModelCapability.swift */ = {isa = PBXFileReference; fileEncoding = 4; lastKnownFileType = sourcecode.swift; path = ModelCapability.swift; sourceTree = "<group>"; };
		62C9451A1C95185500714A1E /* EnglishReceiptsImpl.swift */ = {isa = PBXFileReference; fileEncoding = 4; lastKnownFileType = sourcecode.swift; path = EnglishReceiptsImpl.swift; sourceTree = "<group>"; };
		62C9451C1C95186F00714A1E /* FrenchReceiptsImpl.swift */ = {isa = PBXFileReference; fileEncoding = 4; lastKnownFileType = sourcecode.swift; path = FrenchReceiptsImpl.swift; sourceTree = "<group>"; };
		62C9451E1C95188400714A1E /* ILocalizeReceipts.swift */ = {isa = PBXFileReference; fileEncoding = 4; lastKnownFileType = sourcecode.swift; path = ILocalizeReceipts.swift; sourceTree = "<group>"; };
		62C945201C95189400714A1E /* JapaneseReceiptsImpl.swift */ = {isa = PBXFileReference; fileEncoding = 4; lastKnownFileType = sourcecode.swift; path = JapaneseReceiptsImpl.swift; sourceTree = "<group>"; };
		62C945221C9518A200714A1E /* PortugueseReceiptsImpl.swift */ = {isa = PBXFileReference; fileEncoding = 4; lastKnownFileType = sourcecode.swift; path = PortugueseReceiptsImpl.swift; sourceTree = "<group>"; };
		62C945241C9518B100714A1E /* RussianReceiptsImpl.swift */ = {isa = PBXFileReference; fileEncoding = 4; lastKnownFileType = sourcecode.swift; path = RussianReceiptsImpl.swift; sourceTree = "<group>"; };
		62C945261C9518BF00714A1E /* SimplifiedChineseReceiptsImpl.swift */ = {isa = PBXFileReference; fileEncoding = 4; lastKnownFileType = sourcecode.swift; path = SimplifiedChineseReceiptsImpl.swift; sourceTree = "<group>"; };
		62C945281C9518CE00714A1E /* SpanishReceiptsImpl.swift */ = {isa = PBXFileReference; fileEncoding = 4; lastKnownFileType = sourcecode.swift; path = SpanishReceiptsImpl.swift; sourceTree = "<group>"; };
		62C9452A1C9518E000714A1E /* TraditionalChineseReceiptsImpl.swift */ = {isa = PBXFileReference; fileEncoding = 4; lastKnownFileType = sourcecode.swift; path = TraditionalChineseReceiptsImpl.swift; sourceTree = "<group>"; };
		62E558191C8B9F17005EDB8F /* ApiViewController.swift */ = {isa = PBXFileReference; fileEncoding = 4; lastKnownFileType = sourcecode.swift; path = ApiViewController.swift; sourceTree = "<group>"; };
		62F34AE21D35EFE60074F37E /* DeviceStatusViewController.swift */ = {isa = PBXFileReference; fileEncoding = 4; lastKnownFileType = sourcecode.swift; path = DeviceStatusViewController.swift; sourceTree = "<group>"; };
		6D3E5A5B22E9452800D12976 /* CommunicationResult.swift */ = {isa = PBXFileReference; lastKnownFileType = sourcecode.swift; path = CommunicationResult.swift; sourceTree = "<group>"; };
		88011A5A21645C78003E4D22 /* PrinterExtWithConnectAsyncViewController.swift */ = {isa = PBXFileReference; lastKnownFileType = sourcecode.swift; path = PrinterExtWithConnectAsyncViewController.swift; sourceTree = "<group>"; };
		88494A9621425F7B009E0226 /* MelodySpeakerFunctions.swift */ = {isa = PBXFileReference; lastKnownFileType = sourcecode.swift; path = MelodySpeakerFunctions.swift; sourceTree = "<group>"; };
		886BA03A1EDE9904006CF3FF /* GlobalQueueManager.swift */ = {isa = PBXFileReference; fileEncoding = 4; lastKnownFileType = sourcecode.swift; path = GlobalQueueManager.swift; sourceTree = "<group>"; };
		88A70BFE20C4BC7E00BAC786 /* SettingManager.swift */ = {isa = PBXFileReference; lastKnownFileType = sourcecode.swift; path = SettingManager.swift; sourceTree = "<group>"; };
		88A8FBC6212E705D00C48F88 /* MelodySpeakerViewController.swift */ = {isa = PBXFileReference; lastKnownFileType = sourcecode.swift; path = MelodySpeakerViewController.swift; sourceTree = "<group>"; };
		88A8FBCA212E97E600C48F88 /* SoundFileViewController.swift */ = {isa = PBXFileReference; lastKnownFileType = sourcecode.swift; path = SoundFileViewController.swift; sourceTree = "<group>"; };
		88C758C320C0EFBD003C6FF8 /* PrintReDirectionViewController.swift */ = {isa = PBXFileReference; lastKnownFileType = sourcecode.swift; path = PrintReDirectionViewController.swift; sourceTree = "<group>"; };
		9DE0ED4B4A533F48038F34C8 /* Pods_Swift_SDK.framework */ = {isa = PBXFileReference; explicitFileType = wrapper.framework; includeInIndex = 0; path = Pods_Swift_SDK.framework; sourceTree = BUILT_PRODUCTS_DIR; };
		BAE0A9F11E09411B004B490F /* DisplayViewController.swift */ = {isa = PBXFileReference; fileEncoding = 4; lastKnownFileType = sourcecode.swift; path = DisplayViewController.swift; sourceTree = "<group>"; };
		BAE0A9F31E09412E004B490F /* DisplayExtViewController.swift */ = {isa = PBXFileReference; fileEncoding = 4; lastKnownFileType = sourcecode.swift; path = DisplayExtViewController.swift; sourceTree = "<group>"; };
		BAE0A9FD1E094275004B490F /* DisplayFunctions.swift */ = {isa = PBXFileReference; fileEncoding = 4; lastKnownFileType = sourcecode.swift; path = DisplayFunctions.swift; sourceTree = "<group>"; };
		D2B30ACA46F8AA47CF0CAAAC /* Pods-Swift SDK.debug.xcconfig */ = {isa = PBXFileReference; includeInIndex = 1; lastKnownFileType = text.xcconfig; name = "Pods-Swift SDK.debug.xcconfig"; path = "Target Support Files/Pods-Swift SDK/Pods-Swift SDK.debug.xcconfig"; sourceTree = "<group>"; };
		DD20E0B61EAD94EC00859F8B /* BluetoothSettingViewController.swift */ = {isa = PBXFileReference; fileEncoding = 4; lastKnownFileType = sourcecode.swift; path = BluetoothSettingViewController.swift; sourceTree = "<group>"; };
		DD20E0BA1EC3FF8C00859F8B /* TextFieldTableViewCell.swift */ = {isa = PBXFileReference; fileEncoding = 4; lastKnownFileType = sourcecode.swift; path = TextFieldTableViewCell.swift; sourceTree = "<group>"; };
		DD62993A1FFEFBD40088B20E /* Utf8MultiLanguageReceiptsImpl.swift */ = {isa = PBXFileReference; lastKnownFileType = sourcecode.swift; path = Utf8MultiLanguageReceiptsImpl.swift; sourceTree = "<group>"; };
		E35D90972407CD21004778DD /* AutoSwitchInterfaceExtViewController.swift */ = {isa = PBXFileReference; fileEncoding = 4; lastKnownFileType = sourcecode.swift; path = AutoSwitchInterfaceExtViewController.swift; sourceTree = "<group>"; };
		E35D90982407CD21004778DD /* AutoSwitchInterfaceViewController.swift */ = {isa = PBXFileReference; fileEncoding = 4; lastKnownFileType = sourcecode.swift; path = AutoSwitchInterfaceViewController.swift; sourceTree = "<group>"; };
		E3CBF9E5236174270091334C /* HoldPrintViewController.swift */ = {isa = PBXFileReference; lastKnownFileType = sourcecode.swift; path = HoldPrintViewController.swift; sourceTree = "<group>"; };
		E414DEA2A2ED3293F10686DC /* Pods-Swift SDK.release.xcconfig */ = {isa = PBXFileReference; includeInIndex = 1; lastKnownFileType = text.xcconfig; name = "Pods-Swift SDK.release.xcconfig"; path = "Target Support Files/Pods-Swift SDK/Pods-Swift SDK.release.xcconfig"; sourceTree = "<group>"; };
		EF3F6AE8256F604F00D7FBA1 /* Swift SDK.entitlements */ = {isa = PBXFileReference; lastKnownFileType = text.plist.entitlements; path = "Swift SDK.entitlements"; sourceTree = "<group>"; };
/* End PBXFileReference section */

/* Begin PBXFrameworksBuildPhase section */
		6267F7511BDF54D300D02B89 /* Frameworks */ = {
			isa = PBXFrameworksBuildPhase;
			buildActionMask = 2147483647;
			files = (
				AEF661271F27ACB9436F6C80 /* Pods_Swift_SDK.framework in Frameworks */,
			);
			runOnlyForDeploymentPostprocessing = 0;
		};
/* End PBXFrameworksBuildPhase section */

/* Begin PBXGroup section */
		6267F74B1BDF54D300D02B89 = {
			isa = PBXGroup;
			children = (
				6267F7561BDF54D300D02B89 /* Swift SDK */,
				6267F7551BDF54D300D02B89 /* Products */,
				8CA08D1453B699C0DDC42DD3 /* Pods */,
				F1C41BE8A1135AC786BD39D0 /* Frameworks */,
			);
			sourceTree = "<group>";
		};
		6267F7551BDF54D300D02B89 /* Products */ = {
			isa = PBXGroup;
			children = (
				6267F7541BDF54D300D02B89 /* Swift SDK.app */,
			);
			name = Products;
			sourceTree = "<group>";
		};
		6267F7561BDF54D300D02B89 /* Swift SDK */ = {
			isa = PBXGroup;
			children = (
				EF3F6AE8256F604F00D7FBA1 /* Swift SDK.entitlements */,
				62E558191C8B9F17005EDB8F /* ApiViewController.swift */,
				6267F7571BDF54D300D02B89 /* AppDelegate.swift */,
				6267F75E1BDF54D300D02B89 /* Assets.xcassets */,
				E35D90972407CD21004778DD /* AutoSwitchInterfaceExtViewController.swift */,
				E35D90982407CD21004778DD /* AutoSwitchInterfaceViewController.swift */,
				6267F7D11BDF588F00D02B89 /* BarcodeReaderExtViewController.swift */,
				626EAF981E69036200F268D0 /* BlackMarkPasteViewController.swift */,
				626EAF8E1E68E4E000F268D0 /* BlackMarkViewController.swift */,
				DD20E0B61EAD94EC00859F8B /* BluetoothSettingViewController.swift */,
				6267F7D21BDF588F00D02B89 /* CashDrawerExtViewController.swift */,
				6267F7D31BDF588F00D02B89 /* CashDrawerViewController.swift */,
				6267F7D41BDF588F00D02B89 /* CombinationExtViewController.swift */,
				6267F7D51BDF588F00D02B89 /* CombinationViewController.swift */,
				6267F7D61BDF588F00D02B89 /* CommonViewController.swift */,
				62D83D1C1E09147700B1AC03 /* Communications */,
				62F34AE21D35EFE60074F37E /* DeviceStatusViewController.swift */,
				BAE0A9F31E09412E004B490F /* DisplayExtViewController.swift */,
				BAE0A9F11E09411B004B490F /* DisplayViewController.swift */,
				6271F5EF1C9626A700BBC1A3 /* Functions */,
				886BA03A1EDE9904006CF3FF /* GlobalQueueManager.swift */,
				E3CBF9E5236174270091334C /* HoldPrintViewController.swift */,
				6267F7631BDF54D300D02B89 /* Info.plist */,
				6267F7601BDF54D300D02B89 /* LaunchScreen.storyboard */,
				62C944FE1C94ED4200714A1E /* LocalizeReceipts */,
				6267F75B1BDF54D300D02B89 /* Main.storyboard */,
				6267F7D81BDF588F00D02B89 /* MainViewController.swift */,
				88A8FBC6212E705D00C48F88 /* MelodySpeakerViewController.swift */,
				62BB41841C1CF0AE0098C24F /* ModelCapability.swift */,
				6262A6281E6A6A7200208BAB /* PageModeViewController.swift */,
				6267F7D91BDF588F00D02B89 /* PrinterExtViewController.swift */,
				88011A5A21645C78003E4D22 /* PrinterExtWithConnectAsyncViewController.swift */,
				6267F7DB1BDF588F00D02B89 /* PrinterViewController.swift */,
				88C758C320C0EFBD003C6FF8 /* PrintReDirectionViewController.swift */,
				6267F7DC1BDF588F00D02B89 /* SearchPortViewController.swift */,
				88A70BFE20C4BC7E00BAC786 /* SettingManager.swift */,
				6267F7DD1BDF588F00D02B89 /* SMDefine.swift */,
				88A8FBCA212E97E600C48F88 /* SoundFileViewController.swift */,
				6267F7D01BDF56BD00D02B89 /* StarIO_Extension-Bridging-Header.h */,
				6299169E1C9D1B01000A8CF0 /* SwitchTableViewCell.swift */,
				DD20E0BA1EC3FF8C00859F8B /* TextFieldTableViewCell.swift */,
			);
			path = "Swift SDK";
			sourceTree = "<group>";
		};
		6271F5EF1C9626A700BBC1A3 /* Functions */ = {
			isa = PBXGroup;
			children = (
				626C12F61C8E3CE600815FAB /* ApiFunctions.swift */,
				6271F5ED1C96269F00BBC1A3 /* CashDrawerFunctions.swift */,
				6271F5F81C96276F00BBC1A3 /* CombinationFunctions.swift */,
				BAE0A9FD1E094275004B490F /* DisplayFunctions.swift */,
				6267F7DA1BDF588F00D02B89 /* PrinterFunctions.swift */,
				88494A9621425F7B009E0226 /* MelodySpeakerFunctions.swift */,
			);
			path = Functions;
			sourceTree = "<group>";
		};
		62C944FE1C94ED4200714A1E /* LocalizeReceipts */ = {
			isa = PBXGroup;
			children = (
				DD62993A1FFEFBD40088B20E /* Utf8MultiLanguageReceiptsImpl.swift */,
				62C9451A1C95185500714A1E /* EnglishReceiptsImpl.swift */,
				62C9451C1C95186F00714A1E /* FrenchReceiptsImpl.swift */,
				62583BF11D338CA1005EFC6C /* GermanReceiptsImpl.swift */,
				62C9451E1C95188400714A1E /* ILocalizeReceipts.swift */,
				62C945201C95189400714A1E /* JapaneseReceiptsImpl.swift */,
				62C945221C9518A200714A1E /* PortugueseReceiptsImpl.swift */,
				62C945241C9518B100714A1E /* RussianReceiptsImpl.swift */,
				62C945261C9518BF00714A1E /* SimplifiedChineseReceiptsImpl.swift */,
				62C945281C9518CE00714A1E /* SpanishReceiptsImpl.swift */,
				62C9452A1C9518E000714A1E /* TraditionalChineseReceiptsImpl.swift */,
			);
			path = LocalizeReceipts;
			sourceTree = "<group>";
		};
		62D83D1C1E09147700B1AC03 /* Communications */ = {
			isa = PBXGroup;
			children = (
				6267F7D71BDF588F00D02B89 /* Communication.swift */,
				6D3E5A5B22E9452800D12976 /* CommunicationResult.swift */,
			);
			path = Communications;
			sourceTree = "<group>";
		};
		8CA08D1453B699C0DDC42DD3 /* Pods */ = {
			isa = PBXGroup;
			children = (
				D2B30ACA46F8AA47CF0CAAAC /* Pods-Swift SDK.debug.xcconfig */,
				E414DEA2A2ED3293F10686DC /* Pods-Swift SDK.release.xcconfig */,
			);
			path = Pods;
			sourceTree = "<group>";
		};
		F1C41BE8A1135AC786BD39D0 /* Frameworks */ = {
			isa = PBXGroup;
			children = (
				9DE0ED4B4A533F48038F34C8 /* Pods_Swift_SDK.framework */,
			);
			name = Frameworks;
			sourceTree = "<group>";
		};
/* End PBXGroup section */

/* Begin PBXNativeTarget section */
		6267F7531BDF54D300D02B89 /* Swift SDK */ = {
			isa = PBXNativeTarget;
			buildConfigurationList = 6267F77C1BDF54D300D02B89 /* Build configuration list for PBXNativeTarget "Swift SDK" */;
			buildPhases = (
				027E548470FC5072AB8AD2A4 /* [CP] Check Pods Manifest.lock */,
				6267F7501BDF54D300D02B89 /* Sources */,
				6267F7511BDF54D300D02B89 /* Frameworks */,
				6267F7521BDF54D300D02B89 /* Resources */,
				8F730D6489746ED8A57B59E6 /* [CP] Embed Pods Frameworks */,
			);
			buildRules = (
			);
			dependencies = (
			);
			name = "Swift SDK";
			productName = "Swift SDK";
			productReference = 6267F7541BDF54D300D02B89 /* Swift SDK.app */;
			productType = "com.apple.product-type.application";
		};
/* End PBXNativeTarget section */

/* Begin PBXProject section */
		6267F74C1BDF54D300D02B89 /* Project object */ = {
			isa = PBXProject;
			attributes = {
				LastUpgradeCheck = 1200;
				ORGANIZATIONNAME = "Star Micronics";
				TargetAttributes = {
					6267F7531BDF54D300D02B89 = {
						CreatedOnToolsVersion = 7.0;
						DevelopmentTeam = MWPD5A288Z;
						LastSwiftMigration = 1020;
						ProvisioningStyle = Automatic;
						SystemCapabilities = {
							com.apple.BackgroundModes = {
								enabled = 0;
							};
						};
					};
				};
			};
			buildConfigurationList = 6267F74F1BDF54D300D02B89 /* Build configuration list for PBXProject "Swift SDK" */;
			compatibilityVersion = "Xcode 3.2";
			developmentRegion = en;
			hasScannedForEncodings = 0;
			knownRegions = (
				en,
				Base,
				ja,
			);
			mainGroup = 6267F74B1BDF54D300D02B89;
			productRefGroup = 6267F7551BDF54D300D02B89 /* Products */;
			projectDirPath = "";
			projectRoot = "";
			targets = (
				6267F7531BDF54D300D02B89 /* Swift SDK */,
			);
		};
/* End PBXProject section */

/* Begin PBXResourcesBuildPhase section */
		6267F7521BDF54D300D02B89 /* Resources */ = {
			isa = PBXResourcesBuildPhase;
			buildActionMask = 2147483647;
			files = (
				6267F7621BDF54D300D02B89 /* LaunchScreen.storyboard in Resources */,
				6267F75F1BDF54D300D02B89 /* Assets.xcassets in Resources */,
				6267F75D1BDF54D300D02B89 /* Main.storyboard in Resources */,
			);
			runOnlyForDeploymentPostprocessing = 0;
		};
/* End PBXResourcesBuildPhase section */

/* Begin PBXShellScriptBuildPhase section */
		027E548470FC5072AB8AD2A4 /* [CP] Check Pods Manifest.lock */ = {
			isa = PBXShellScriptBuildPhase;
			buildActionMask = 2147483647;
			files = (
			);
			inputFileListPaths = (
			);
			inputPaths = (
				"${PODS_PODFILE_DIR_PATH}/Podfile.lock",
				"${PODS_ROOT}/Manifest.lock",
			);
			name = "[CP] Check Pods Manifest.lock";
			outputFileListPaths = (
			);
			outputPaths = (
				"$(DERIVED_FILE_DIR)/Pods-Swift SDK-checkManifestLockResult.txt",
			);
			runOnlyForDeploymentPostprocessing = 0;
			shellPath = /bin/sh;
			shellScript = "diff \"${PODS_PODFILE_DIR_PATH}/Podfile.lock\" \"${PODS_ROOT}/Manifest.lock\" > /dev/null\nif [ $? != 0 ] ; then\n    # print error to STDERR\n    echo \"error: The sandbox is not in sync with the Podfile.lock. Run 'pod install' or update your CocoaPods installation.\" >&2\n    exit 1\nfi\n# This output is used by Xcode 'outputs' to avoid re-running this script phase.\necho \"SUCCESS\" > \"${SCRIPT_OUTPUT_FILE_0}\"\n";
			showEnvVarsInLog = 0;
		};
		8F730D6489746ED8A57B59E6 /* [CP] Embed Pods Frameworks */ = {
			isa = PBXShellScriptBuildPhase;
			buildActionMask = 2147483647;
			files = (
			);
			inputPaths = (
				"${PODS_ROOT}/Target Support Files/Pods-Swift SDK/Pods-Swift SDK-frameworks.sh",
				"${PODS_XCFRAMEWORKS_BUILD_DIR}/StarIO/StarIO.framework/StarIO",
				"${PODS_XCFRAMEWORKS_BUILD_DIR}/StarIO_Extension/StarIO_Extension.framework/StarIO_Extension",
			);
			name = "[CP] Embed Pods Frameworks";
			outputPaths = (
				"${TARGET_BUILD_DIR}/${FRAMEWORKS_FOLDER_PATH}/StarIO.framework",
				"${TARGET_BUILD_DIR}/${FRAMEWORKS_FOLDER_PATH}/StarIO_Extension.framework",
			);
			runOnlyForDeploymentPostprocessing = 0;
			shellPath = /bin/sh;
			shellScript = "\"${PODS_ROOT}/Target Support Files/Pods-Swift SDK/Pods-Swift SDK-frameworks.sh\"\n";
			showEnvVarsInLog = 0;
		};
/* End PBXShellScriptBuildPhase section */

/* Begin PBXSourcesBuildPhase section */
		6267F7501BDF54D300D02B89 /* Sources */ = {
			isa = PBXSourcesBuildPhase;
			buildActionMask = 2147483647;
			files = (
				DD20E0BB1EC3FF8C00859F8B /* TextFieldTableViewCell.swift in Sources */,
				626EAF991E69036200F268D0 /* BlackMarkPasteViewController.swift in Sources */,
				62C945251C9518B100714A1E /* RussianReceiptsImpl.swift in Sources */,
				62C945271C9518BF00714A1E /* SimplifiedChineseReceiptsImpl.swift in Sources */,
				626C12F71C8E3CE700815FAB /* ApiFunctions.swift in Sources */,
				62C945291C9518CE00714A1E /* SpanishReceiptsImpl.swift in Sources */,
				626EAF8F1E68E4E000F268D0 /* BlackMarkViewController.swift in Sources */,
				88C758C420C0EFBD003C6FF8 /* PrintReDirectionViewController.swift in Sources */,
				88A8FBCB212E97E600C48F88 /* SoundFileViewController.swift in Sources */,
				886BA03B1EDE9904006CF3FF /* GlobalQueueManager.swift in Sources */,
				6267F7E01BDF588F00D02B89 /* CashDrawerViewController.swift in Sources */,
				62C9452B1C9518E000714A1E /* TraditionalChineseReceiptsImpl.swift in Sources */,
				88A8FBC7212E705D00C48F88 /* MelodySpeakerViewController.swift in Sources */,
				62E5581A1C8B9F17005EDB8F /* ApiViewController.swift in Sources */,
				DD62993B1FFEFBD50088B20E /* Utf8MultiLanguageReceiptsImpl.swift in Sources */,
				62F34AE31D35EFE60074F37E /* DeviceStatusViewController.swift in Sources */,
				E35D90992407CD21004778DD /* AutoSwitchInterfaceExtViewController.swift in Sources */,
				62C9451F1C95188400714A1E /* ILocalizeReceipts.swift in Sources */,
				6299169F1C9D1B01000A8CF0 /* SwitchTableViewCell.swift in Sources */,
				DD20E0B71EAD94EC00859F8B /* BluetoothSettingViewController.swift in Sources */,
				6267F7E81BDF588F00D02B89 /* PrinterViewController.swift in Sources */,
				6267F7DE1BDF588F00D02B89 /* BarcodeReaderExtViewController.swift in Sources */,
				6267F7E11BDF588F00D02B89 /* CombinationExtViewController.swift in Sources */,
				88A70BFF20C4BC7E00BAC786 /* SettingManager.swift in Sources */,
				BAE0A9FE1E094275004B490F /* DisplayFunctions.swift in Sources */,
				BAE0A9F41E09412E004B490F /* DisplayExtViewController.swift in Sources */,
				BAE0A9F21E09411B004B490F /* DisplayViewController.swift in Sources */,
				88494A9721425F7B009E0226 /* MelodySpeakerFunctions.swift in Sources */,
				6267F7EA1BDF588F00D02B89 /* SMDefine.swift in Sources */,
				6267F7E61BDF588F00D02B89 /* PrinterExtViewController.swift in Sources */,
				6267F7E91BDF588F00D02B89 /* SearchPortViewController.swift in Sources */,
				6D3E5A5C22E9452800D12976 /* CommunicationResult.swift in Sources */,
				6267F7DF1BDF588F00D02B89 /* CashDrawerExtViewController.swift in Sources */,
				6267F7E41BDF588F00D02B89 /* Communication.swift in Sources */,
				88011A5B21645C78003E4D22 /* PrinterExtWithConnectAsyncViewController.swift in Sources */,
				6267F7E31BDF588F00D02B89 /* CommonViewController.swift in Sources */,
				6267F7E51BDF588F00D02B89 /* MainViewController.swift in Sources */,
				6267F7E21BDF588F00D02B89 /* CombinationViewController.swift in Sources */,
				6262A6291E6A6A7200208BAB /* PageModeViewController.swift in Sources */,
				6267F7581BDF54D300D02B89 /* AppDelegate.swift in Sources */,
				6271F5F91C96276F00BBC1A3 /* CombinationFunctions.swift in Sources */,
				62C945231C9518A200714A1E /* PortugueseReceiptsImpl.swift in Sources */,
				6267F7E71BDF588F00D02B89 /* PrinterFunctions.swift in Sources */,
				62C9451D1C95186F00714A1E /* FrenchReceiptsImpl.swift in Sources */,
				62C9451B1C95185500714A1E /* EnglishReceiptsImpl.swift in Sources */,
				E35D909A2407CD21004778DD /* AutoSwitchInterfaceViewController.swift in Sources */,
				62C945211C95189400714A1E /* JapaneseReceiptsImpl.swift in Sources */,
				6271F5EE1C96269F00BBC1A3 /* CashDrawerFunctions.swift in Sources */,
				62BB41851C1CF0AE0098C24F /* ModelCapability.swift in Sources */,
				62583BF21D338CA1005EFC6C /* GermanReceiptsImpl.swift in Sources */,
				E3CBF9E6236174270091334C /* HoldPrintViewController.swift in Sources */,
			);
			runOnlyForDeploymentPostprocessing = 0;
		};
/* End PBXSourcesBuildPhase section */

/* Begin PBXVariantGroup section */
		6267F75B1BDF54D300D02B89 /* Main.storyboard */ = {
			isa = PBXVariantGroup;
			children = (
				6267F75C1BDF54D300D02B89 /* Base */,
				627BD6271C7C1B59003594D4 /* ja */,
			);
			name = Main.storyboard;
			sourceTree = "<group>";
		};
		6267F7601BDF54D300D02B89 /* LaunchScreen.storyboard */ = {
			isa = PBXVariantGroup;
			children = (
				6267F7611BDF54D300D02B89 /* Base */,
				627BD6261C7C1B59003594D4 /* ja */,
			);
			name = LaunchScreen.storyboard;
			sourceTree = "<group>";
		};
/* End PBXVariantGroup section */

/* Begin XCBuildConfiguration section */
		6267F77A1BDF54D300D02B89 /* Debug */ = {
			isa = XCBuildConfiguration;
			buildSettings = {
				ALWAYS_SEARCH_USER_PATHS = NO;
				ASSETCATALOG_COMPILER_LAUNCHIMAGE_NAME = "";
				CLANG_ANALYZER_LOCALIZABILITY_NONLOCALIZED = YES;
				CLANG_CXX_LANGUAGE_STANDARD = "gnu++0x";
				CLANG_CXX_LIBRARY = "libc++";
				CLANG_ENABLE_MODULES = YES;
				CLANG_ENABLE_OBJC_ARC = YES;
				CLANG_WARN_BLOCK_CAPTURE_AUTORELEASING = YES;
				CLANG_WARN_BOOL_CONVERSION = YES;
				CLANG_WARN_COMMA = YES;
				CLANG_WARN_CONSTANT_CONVERSION = YES;
				CLANG_WARN_DEPRECATED_OBJC_IMPLEMENTATIONS = YES;
				CLANG_WARN_DIRECT_OBJC_ISA_USAGE = YES_ERROR;
				CLANG_WARN_EMPTY_BODY = YES;
				CLANG_WARN_ENUM_CONVERSION = YES;
				CLANG_WARN_INFINITE_RECURSION = YES;
				CLANG_WARN_INT_CONVERSION = YES;
				CLANG_WARN_NON_LITERAL_NULL_CONVERSION = YES;
				CLANG_WARN_OBJC_IMPLICIT_RETAIN_SELF = YES;
				CLANG_WARN_OBJC_LITERAL_CONVERSION = YES;
				CLANG_WARN_OBJC_ROOT_CLASS = YES_ERROR;
				CLANG_WARN_QUOTED_INCLUDE_IN_FRAMEWORK_HEADER = YES;
				CLANG_WARN_RANGE_LOOP_ANALYSIS = YES;
				CLANG_WARN_STRICT_PROTOTYPES = YES;
				CLANG_WARN_SUSPICIOUS_MOVE = YES;
				CLANG_WARN_UNREACHABLE_CODE = YES;
				CLANG_WARN__DUPLICATE_METHOD_MATCH = YES;
				"CODE_SIGN_IDENTITY[sdk=iphoneos*]" = "iPhone Developer";
				COPY_PHASE_STRIP = NO;
				DEBUG_INFORMATION_FORMAT = dwarf;
				ENABLE_STRICT_OBJC_MSGSEND = YES;
				ENABLE_TESTABILITY = YES;
				GCC_C_LANGUAGE_STANDARD = gnu99;
				GCC_DYNAMIC_NO_PIC = NO;
				GCC_NO_COMMON_BLOCKS = YES;
				GCC_OPTIMIZATION_LEVEL = 0;
				GCC_PREPROCESSOR_DEFINITIONS = (
					"DEBUG=1",
					"$(inherited)",
				);
				GCC_WARN_64_TO_32_BIT_CONVERSION = YES;
				GCC_WARN_ABOUT_RETURN_TYPE = YES_ERROR;
				GCC_WARN_UNDECLARED_SELECTOR = YES;
				GCC_WARN_UNINITIALIZED_AUTOS = YES_AGGRESSIVE;
				GCC_WARN_UNUSED_FUNCTION = YES;
				GCC_WARN_UNUSED_VARIABLE = YES;
				IPHONEOS_DEPLOYMENT_TARGET = 9.0;
				MTL_ENABLE_DEBUG_INFO = YES;
				ONLY_ACTIVE_ARCH = YES;
				SDKROOT = iphoneos;
				SWIFT_OPTIMIZATION_LEVEL = "-Onone";
				TARGETED_DEVICE_FAMILY = "1,2";
			};
			name = Debug;
		};
		6267F77B1BDF54D300D02B89 /* Release */ = {
			isa = XCBuildConfiguration;
			buildSettings = {
				ALWAYS_SEARCH_USER_PATHS = NO;
				ASSETCATALOG_COMPILER_LAUNCHIMAGE_NAME = "";
				CLANG_ANALYZER_LOCALIZABILITY_NONLOCALIZED = YES;
				CLANG_CXX_LANGUAGE_STANDARD = "gnu++0x";
				CLANG_CXX_LIBRARY = "libc++";
				CLANG_ENABLE_MODULES = YES;
				CLANG_ENABLE_OBJC_ARC = YES;
				CLANG_WARN_BLOCK_CAPTURE_AUTORELEASING = YES;
				CLANG_WARN_BOOL_CONVERSION = YES;
				CLANG_WARN_COMMA = YES;
				CLANG_WARN_CONSTANT_CONVERSION = YES;
				CLANG_WARN_DEPRECATED_OBJC_IMPLEMENTATIONS = YES;
				CLANG_WARN_DIRECT_OBJC_ISA_USAGE = YES_ERROR;
				CLANG_WARN_EMPTY_BODY = YES;
				CLANG_WARN_ENUM_CONVERSION = YES;
				CLANG_WARN_INFINITE_RECURSION = YES;
				CLANG_WARN_INT_CONVERSION = YES;
				CLANG_WARN_NON_LITERAL_NULL_CONVERSION = YES;
				CLANG_WARN_OBJC_IMPLICIT_RETAIN_SELF = YES;
				CLANG_WARN_OBJC_LITERAL_CONVERSION = YES;
				CLANG_WARN_OBJC_ROOT_CLASS = YES_ERROR;
				CLANG_WARN_QUOTED_INCLUDE_IN_FRAMEWORK_HEADER = YES;
				CLANG_WARN_RANGE_LOOP_ANALYSIS = YES;
				CLANG_WARN_STRICT_PROTOTYPES = YES;
				CLANG_WARN_SUSPICIOUS_MOVE = YES;
				CLANG_WARN_UNREACHABLE_CODE = YES;
				CLANG_WARN__DUPLICATE_METHOD_MATCH = YES;
				"CODE_SIGN_IDENTITY[sdk=iphoneos*]" = "iPhone Developer";
				COPY_PHASE_STRIP = NO;
				DEBUG_INFORMATION_FORMAT = "dwarf-with-dsym";
				ENABLE_NS_ASSERTIONS = NO;
				ENABLE_STRICT_OBJC_MSGSEND = YES;
				GCC_C_LANGUAGE_STANDARD = gnu99;
				GCC_NO_COMMON_BLOCKS = YES;
				GCC_WARN_64_TO_32_BIT_CONVERSION = YES;
				GCC_WARN_ABOUT_RETURN_TYPE = YES_ERROR;
				GCC_WARN_UNDECLARED_SELECTOR = YES;
				GCC_WARN_UNINITIALIZED_AUTOS = YES_AGGRESSIVE;
				GCC_WARN_UNUSED_FUNCTION = YES;
				GCC_WARN_UNUSED_VARIABLE = YES;
				IPHONEOS_DEPLOYMENT_TARGET = 9.0;
				MTL_ENABLE_DEBUG_INFO = NO;
				SDKROOT = iphoneos;
				SWIFT_OPTIMIZATION_LEVEL = "-Owholemodule";
				TARGETED_DEVICE_FAMILY = "1,2";
				VALIDATE_PRODUCT = YES;
			};
			name = Release;
		};
		6267F77D1BDF54D300D02B89 /* Debug */ = {
			isa = XCBuildConfiguration;
			baseConfigurationReference = D2B30ACA46F8AA47CF0CAAAC /* Pods-Swift SDK.debug.xcconfig */;
			buildSettings = {
				ASSETCATALOG_COMPILER_APPICON_NAME = AppIcon;
				ASSETCATALOG_COMPILER_LAUNCHIMAGE_NAME = "";
				CODE_SIGN_ENTITLEMENTS = "Swift SDK/Swift SDK.entitlements";
				CODE_SIGN_IDENTITY = "iPhone Developer";
				"CODE_SIGN_IDENTITY[sdk=iphoneos*]" = "iPhone Developer";
				CURRENT_PROJECT_VERSION = 1;
				DEVELOPMENT_TEAM = MWPD5A288Z;
				FRAMEWORK_SEARCH_PATHS = (
					"$(inherited)",
					"$(PROJECT_DIR)",
				);
				INFOPLIST_FILE = "Swift SDK/Info.plist";
				IPHONEOS_DEPLOYMENT_TARGET = 13.0;
				LD_RUNPATH_SEARCH_PATHS = "$(inherited) @executable_path/Frameworks";
				MARKETING_VERSION = 5.17.0;
				PRODUCT_BUNDLE_IDENTIFIER = "jp.star-m.stariosdk";
				PRODUCT_NAME = "$(TARGET_NAME)";
				PROVISIONING_PROFILE = "";
				PROVISIONING_PROFILE_SPECIFIER = "";
				SWIFT_OBJC_BRIDGING_HEADER = "$(SRCROOT)/$(PROJECT)/StarIO_Extension-Bridging-Header.h";
				SWIFT_VERSION = 5.0;
				TARGETED_DEVICE_FAMILY = "1,2";
			};
			name = Debug;
		};
		6267F77E1BDF54D300D02B89 /* Release */ = {
			isa = XCBuildConfiguration;
			baseConfigurationReference = E414DEA2A2ED3293F10686DC /* Pods-Swift SDK.release.xcconfig */;
			buildSettings = {
				ASSETCATALOG_COMPILER_APPICON_NAME = AppIcon;
				ASSETCATALOG_COMPILER_LAUNCHIMAGE_NAME = "";
				CODE_SIGN_ENTITLEMENTS = "Swift SDK/Swift SDK.entitlements";
				CODE_SIGN_IDENTITY = "iPhone Developer";
				"CODE_SIGN_IDENTITY[sdk=iphoneos*]" = "iPhone Developer";
				CURRENT_PROJECT_VERSION = 1;
				DEVELOPMENT_TEAM = MWPD5A288Z;
				FRAMEWORK_SEARCH_PATHS = (
					"$(inherited)",
					"$(PROJECT_DIR)",
				);
				INFOPLIST_FILE = "Swift SDK/Info.plist";
				IPHONEOS_DEPLOYMENT_TARGET = 13.0;
				LD_RUNPATH_SEARCH_PATHS = "$(inherited) @executable_path/Frameworks";
				MARKETING_VERSION = 5.17.0;
				PRODUCT_BUNDLE_IDENTIFIER = "jp.star-m.stariosdk";
				PRODUCT_NAME = "$(TARGET_NAME)";
				PROVISIONING_PROFILE = "";
				PROVISIONING_PROFILE_SPECIFIER = "";
				SWIFT_OBJC_BRIDGING_HEADER = "$(SRCROOT)/$(PROJECT)/StarIO_Extension-Bridging-Header.h";
				SWIFT_VERSION = 5.0;
				TARGETED_DEVICE_FAMILY = "1,2";
			};
			name = Release;
		};
/* End XCBuildConfiguration section */

/* Begin XCConfigurationList section */
		6267F74F1BDF54D300D02B89 /* Build configuration list for PBXProject "Swift SDK" */ = {
			isa = XCConfigurationList;
			buildConfigurations = (
				6267F77A1BDF54D300D02B89 /* Debug */,
				6267F77B1BDF54D300D02B89 /* Release */,
			);
			defaultConfigurationIsVisible = 0;
			defaultConfigurationName = Release;
		};
		6267F77C1BDF54D300D02B89 /* Build configuration list for PBXNativeTarget "Swift SDK" */ = {
			isa = XCConfigurationList;
			buildConfigurations = (
				6267F77D1BDF54D300D02B89 /* Debug */,
				6267F77E1BDF54D300D02B89 /* Release */,
			);
			defaultConfigurationIsVisible = 0;
			defaultConfigurationName = Release;
		};
/* End XCConfigurationList section */
	};
	rootObject = 6267F74C1BDF54D300D02B89 /* Project object */;
}
